Microsoft Visual Studio Solution File, Format Version 11.00
# Visual Studio 2008

Project("{1A41C69B-DCD0-2AFC-7A1D-E6ADDC0FF01C}") = "ReachDestination", "Assembly-CSharp.csproj", "{04726714-9E4C-75CB-4447-458B2CB79952}"
EndProject
Global
	GlobalSection(SolutionConfigurationPlatforms) = preSolution
		Debug|Any CPU = Debug|Any CPU
		Release|Any CPU = Release|Any CPU
	EndGlobalSection
	GlobalSection(ProjectConfigurationPlatforms) = postSolution
		{04726714-9E4C-75CB-4447-458B2CB79952}.Debug|Any CPU.ActiveCfg = Debug|Any CPU
		{04726714-9E4C-75CB-4447-458B2CB79952}.Debug|Any CPU.Build.0 = Debug|Any CPU
		{04726714-9E4C-75CB-4447-458B2CB79952}.Release|Any CPU.ActiveCfg = Release|Any CPU
		{04726714-9E4C-75CB-4447-458B2CB79952}.Release|Any CPU.Build.0 = Release|Any CPU
	EndGlobalSection
	GlobalSection(SolutionProperties) = preSolution
		HideSolutionNode = FALSE
	EndGlobalSection
	GlobalSection(MonoDevelopProperties) = preSolution
		StartupItem = Assembly-CSharp.csproj
	EndGlobalSection
EndGlobal
